
Microsoft Visual Studio Solution File, Format Version 12.00
# Visual Studio Version 17
VisualStudioVersion = 17.6.33723.286
MinimumVisualStudioVersion = 10.0.40219.1
Project("{FAE04EC0-301F-11D3-BF4B-00C04F79EFBC}") = "ItMaraphoneExample.API", "ItMaraphoneExample.API\ItMaraphoneExample.API.csproj", "{CAB32C45-C6F9-4CB2-8082-6C831837535D}"
EndProject
Project("{FAE04EC0-301F-11D3-BF4B-00C04F79EFBC}") = "ItMapaphoneExample.WPF", "ItMapaphoneExample.WPF\ItMapaphoneExample.WPF.csproj", "{4BA8C464-7D76-47A7-80CE-86FDEBE037A6}"
EndProject
Global
	GlobalSection(SolutionConfigurationPlatforms) = preSolution
		Debug|Any CPU = Debug|Any CPU
		Release|Any CPU = Release|Any CPU
	EndGlobalSection
	GlobalSection(ProjectConfigurationPlatforms) = postSolution
		{CAB32C45-C6F9-4CB2-8082-6C831837535D}.Debug|Any CPU.ActiveCfg = Debug|Any CPU
		{CAB32C45-C6F9-4CB2-8082-6C831837535D}.Debug|Any CPU.Build.0 = Debug|Any CPU
		{CAB32C45-C6F9-4CB2-8082-6C831837535D}.Release|Any CPU.ActiveCfg = Release|Any CPU
		{CAB32C45-C6F9-4CB2-8082-6C831837535D}.Release|Any CPU.Build.0 = Release|Any CPU
		{4BA8C464-7D76-47A7-80CE-86FDEBE037A6}.Debug|Any CPU.ActiveCfg = Debug|Any CPU
		{4BA8C464-7D76-47A7-80CE-86FDEBE037A6}.Debug|Any CPU.Build.0 = Debug|Any CPU
		{4BA8C464-7D76-47A7-80CE-86FDEBE037A6}.Release|Any CPU.ActiveCfg = Release|Any CPU
		{4BA8C464-7D76-47A7-80CE-86FDEBE037A6}.Release|Any CPU.Build.0 = Release|Any CPU
	EndGlobalSection
	GlobalSection(SolutionProperties) = preSolution
		HideSolutionNode = FALSE
	EndGlobalSection
	GlobalSection(ExtensibilityGlobals) = postSolution
		SolutionGuid = {007EF35E-14FA-466D-B01B-DFA3C42EB7C4}
	EndGlobalSection
EndGlobal
